{
  "name": "vorge-server",
  "version": "1.0.0",
  "lockfileVersion": 1,
  "requires": true,
  "dependencies": {
    "encosy": {
      "version": "github:cyclonic-games/encosy#a246b81fee541d3d4621081738fe6c7331cfbd4e",
      "from": "github:cyclonic-games/encosy",
      "requires": {
        "std": "github:ndugger/std-js#438320ce3d63bb77529cc5a4fa42593cacec1960"
      }
    },
    "picasso": {
      "version": "github:cyclonic-games/picasso#e6be87a055c7c105b9c4999c406275e2f1111608",
      "from": "github:cyclonic-games/picasso"
    },
    "std": {
      "version": "github:ndugger/std-js#438320ce3d63bb77529cc5a4fa42593cacec1960",
      "from": "github:ndugger/std-js"
    },
    "uws": {
      "version": "10.148.0",
      "resolved": "https://registry.npmjs.org/uws/-/uws-10.148.0.tgz",
      "integrity": "sha512-aJpFgMMyxubiE/ll4nj9nWoQbv0HzZZDWXfwyu78nuFObX0Zoyv3TWjkqKPQ1vb2sMPZoz67tri7QNE6dybNmQ=="
    },
    "vorge": {
      "version": "github:cyclonic-games/vorge#1cf02a72205cc9bd14844a3db70abb73652fe7eb",
      "from": "github:cyclonic-games/vorge",
      "requires": {
        "encosy": "github:cyclonic-games/encosy#a246b81fee541d3d4621081738fe6c7331cfbd4e",
        "picasso": "github:cyclonic-games/picasso#e6be87a055c7c105b9c4999c406275e2f1111608"
      }
    }
  }
}
